// !$*UTF8*$!
{
	archiveVersion = 1;
	classes = {
	};
	objectVersion = 46;
	objects = {

/* Begin PBXBuildFile section */
		435379101D28BD37004A2766 /* NSDate+IF.swift in Sources */ = {isa = PBXBuildFile; fileRef = 4353790F1D28BD37004A2766 /* NSDate+IF.swift */; };
		43751CE01D26CFBB0032BBE3 /* NewsFlashController.swift in Sources */ = {isa = PBXBuildFile; fileRef = 43751CDF1D26CFBB0032BBE3 /* NewsFlashController.swift */; };
		43751CE61D26D0630032BBE3 /* NewsFlashTableViewCell.swift in Sources */ = {isa = PBXBuildFile; fileRef = 43751CE51D26D0630032BBE3 /* NewsFlashTableViewCell.swift */; };
		43751CE81D26D0820032BBE3 /* 爱范儿API.rtf in Resources */ = {isa = PBXBuildFile; fileRef = 43751CE71D26D0820032BBE3 /* 爱范儿API.rtf */; };
		43F2E6E11D274AE700224B6F /* IFNetWorkTool.swift in Sources */ = {isa = PBXBuildFile; fileRef = 43F2E6E01D274AE700224B6F /* IFNetWorkTool.swift */; };
		578C5CC4EB609089221BD17D /* Pods.framework in Frameworks */ = {isa = PBXBuildFile; fileRef = 19142DE52BA65CA63302D628 /* Pods.framework */; };
		699874BF1D23C6CA0059A2BE /* AppDelegate.swift in Sources */ = {isa = PBXBuildFile; fileRef = 699874BE1D23C6CA0059A2BE /* AppDelegate.swift */; };
		699874C61D23C6CA0059A2BE /* Assets.xcassets in Resources */ = {isa = PBXBuildFile; fileRef = 699874C51D23C6CA0059A2BE /* Assets.xcassets */; };
		699874C91D23C6CA0059A2BE /* LaunchScreen.storyboard in Resources */ = {isa = PBXBuildFile; fileRef = 699874C71D23C6CA0059A2BE /* LaunchScreen.storyboard */; };
		699874D41D23C6CA0059A2BE /* ifanrTests.swift in Sources */ = {isa = PBXBuildFile; fileRef = 699874D31D23C6CA0059A2BE /* ifanrTests.swift */; };
		699874DF1D23C6CA0059A2BE /* ifanrUITests.swift in Sources */ = {isa = PBXBuildFile; fileRef = 699874DE1D23C6CA0059A2BE /* ifanrUITests.swift */; };
		F119375C1D24018A00DF143B /* UIView+Frame.swift in Sources */ = {isa = PBXBuildFile; fileRef = F119375B1D24018A00DF143B /* UIView+Frame.swift */; };
		F119376D1D2409A700DF143B /* MainViewController.swift in Sources */ = {isa = PBXBuildFile; fileRef = F119376C1D2409A700DF143B /* MainViewController.swift */; };
		F11937721D240A4E00DF143B /* ifanrVideo.mp4 in Resources */ = {isa = PBXBuildFile; fileRef = F11937711D240A4E00DF143B /* ifanrVideo.mp4 */; };
		F11DA0771D282E7100E574CC /* HomePageControl.swift in Sources */ = {isa = PBXBuildFile; fileRef = F11DA0761D282E7100E574CC /* HomePageControl.swift */; };
		F1498D951D24FCBD005BB684 /* Constant.swift in Sources */ = {isa = PBXBuildFile; fileRef = F1498D941D24FCBD005BB684 /* Constant.swift */; };
		F1498D9B1D25150E005BB684 /* Reusable.swift in Sources */ = {isa = PBXBuildFile; fileRef = F1498D9A1D25150E005BB684 /* Reusable.swift */; };
		F15349D71D2C08B600A11BCB /* HomePopularLayout.swift in Sources */ = {isa = PBXBuildFile; fileRef = F15349D61D2C08B600A11BCB /* HomePopularLayout.swift */; };
		F15349D91D2C156500A11BCB /* HomeLatestImageCell.swift in Sources */ = {isa = PBXBuildFile; fileRef = F15349D81D2C156500A11BCB /* HomeLatestImageCell.swift */; };
		F15349DC1D2C39EC00A11BCB /* FZLTXIHJW--GB1-0.TTF in Resources */ = {isa = PBXBuildFile; fileRef = F15349DA1D2C39EC00A11BCB /* FZLTXIHJW--GB1-0.TTF */; };
		F15349DD1D2C39EC00A11BCB /* FZLTZCHJW--GB1-0.TTF in Resources */ = {isa = PBXBuildFile; fileRef = F15349DB1D2C39EC00A11BCB /* FZLTZCHJW--GB1-0.TTF */; };
		F15349DF1D2D7CF600A11BCB /* NSMutableAttributedString+ifanr.swift in Sources */ = {isa = PBXBuildFile; fileRef = F15349DE1D2D7CF600A11BCB /* NSMutableAttributedString+ifanr.swift */; };
		F15349E11D2D7EB900A11BCB /* String+ifanr.swift in Sources */ = {isa = PBXBuildFile; fileRef = F15349E01D2D7EB900A11BCB /* String+ifanr.swift */; };
		F15349E31D2DF52F00A11BCB /* HomeLatestTextCell.swift in Sources */ = {isa = PBXBuildFile; fileRef = F15349E21D2DF52F00A11BCB /* HomeLatestTextCell.swift */; };
		F170BE461D26388B00D84EBC /* APIConstant.swift in Sources */ = {isa = PBXBuildFile; fileRef = F170BE451D26388B00D84EBC /* APIConstant.swift */; };
		F170BE491D269F0000D84EBC /* MenuViewController.swift in Sources */ = {isa = PBXBuildFile; fileRef = F170BE481D269F0000D84EBC /* MenuViewController.swift */; };
		F170BE4C1D269F4400D84EBC /* MenuHeaaderView.swift in Sources */ = {isa = PBXBuildFile; fileRef = F170BE4B1D269F4400D84EBC /* MenuHeaaderView.swift */; };
		F170BE4E1D269F7D00D84EBC /* MenuTableViewCell.swift in Sources */ = {isa = PBXBuildFile; fileRef = F170BE4D1D269F7D00D84EBC /* MenuTableViewCell.swift */; };
		F170BE521D26B7D100D84EBC /* HomeViewController.swift in Sources */ = {isa = PBXBuildFile; fileRef = F170BE511D26B7D100D84EBC /* HomeViewController.swift */; };
		F170BE551D27E9B300D84EBC /* HomeHeaderView.swift in Sources */ = {isa = PBXBuildFile; fileRef = F170BE541D27E9B300D84EBC /* HomeHeaderView.swift */; };
		F170BE571D27F12F00D84EBC /* HomeHeaderItem.swift in Sources */ = {isa = PBXBuildFile; fileRef = F170BE561D27F12F00D84EBC /* HomeHeaderItem.swift */; };
		F17C51DC1D2A447F0077A4C5 /* IFanrService.swift in Sources */ = {isa = PBXBuildFile; fileRef = F17C51DB1D2A447F0077A4C5 /* IFanrService.swift */; };
		F17C51DE1D2AB1DE0077A4C5 /* UIFont+ifanr.swift in Sources */ = {isa = PBXBuildFile; fileRef = F17C51DD1D2AB1DE0077A4C5 /* UIFont+ifanr.swift */; };
		F17C51E51D2BCBAB0077A4C5 /* HomePopularModel.swift in Sources */ = {isa = PBXBuildFile; fileRef = F17C51E01D2BCBAB0077A4C5 /* HomePopularModel.swift */; };
		F17C51E61D2BCBAB0077A4C5 /* MenuTabModel.swift in Sources */ = {isa = PBXBuildFile; fileRef = F17C51E21D2BCBAB0077A4C5 /* MenuTabModel.swift */; };
		F17C51E71D2BCBAB0077A4C5 /* NewsFlashModel.swift in Sources */ = {isa = PBXBuildFile; fileRef = F17C51E41D2BCBAB0077A4C5 /* NewsFlashModel.swift */; };
		F1A06AA91D28F91200563FA1 /* Request+ifanr.swift in Sources */ = {isa = PBXBuildFile; fileRef = F1A06AA81D28F91200563FA1 /* Request+ifanr.swift */; };
		F1A06AAD1D29228A00563FA1 /* UIImageView+ifanr.swift in Sources */ = {isa = PBXBuildFile; fileRef = F1A06AAC1D29228A00563FA1 /* UIImageView+ifanr.swift */; };
/* End PBXBuildFile section */

/* Begin PBXContainerItemProxy section */
		699874D01D23C6CA0059A2BE /* PBXContainerItemProxy */ = {
			isa = PBXContainerItemProxy;
			containerPortal = 699874B31D23C6CA0059A2BE /* Project object */;
			proxyType = 1;
			remoteGlobalIDString = 699874BA1D23C6CA0059A2BE;
			remoteInfo = ifanr;
		};
		699874DB1D23C6CA0059A2BE /* PBXContainerItemProxy */ = {
			isa = PBXContainerItemProxy;
			containerPortal = 699874B31D23C6CA0059A2BE /* Project object */;
			proxyType = 1;
			remoteGlobalIDString = 699874BA1D23C6CA0059A2BE;
			remoteInfo = ifanr;
		};
/* End PBXContainerItemProxy section */

/* Begin PBXFileReference section */
		19142DE52BA65CA63302D628 /* Pods.framework */ = {isa = PBXFileReference; explicitFileType = wrapper.framework; includeInIndex = 0; path = Pods.framework; sourceTree = BUILT_PRODUCTS_DIR; };
		4353790F1D28BD37004A2766 /* NSDate+IF.swift */ = {isa = PBXFileReference; fileEncoding = 4; lastKnownFileType = sourcecode.swift; path = "NSDate+IF.swift"; sourceTree = "<group>"; };
		43751CDF1D26CFBB0032BBE3 /* NewsFlashController.swift */ = {isa = PBXFileReference; fileEncoding = 4; lastKnownFileType = sourcecode.swift; path = NewsFlashController.swift; sourceTree = "<group>"; };
		43751CE51D26D0630032BBE3 /* NewsFlashTableViewCell.swift */ = {isa = PBXFileReference; fileEncoding = 4; lastKnownFileType = sourcecode.swift; path = NewsFlashTableViewCell.swift; sourceTree = "<group>"; };
		43751CE71D26D0820032BBE3 /* 爱范儿API.rtf */ = {isa = PBXFileReference; fileEncoding = 4; lastKnownFileType = text.rtf; path = "爱范儿API.rtf"; sourceTree = "<group>"; };
		43F2E6E01D274AE700224B6F /* IFNetWorkTool.swift */ = {isa = PBXFileReference; fileEncoding = 4; lastKnownFileType = sourcecode.swift; name = IFNetWorkTool.swift; path = Utils/IFNetWorkTool.swift; sourceTree = "<group>"; };
		699874BB1D23C6CA0059A2BE /* ifanr.app */ = {isa = PBXFileReference; explicitFileType = wrapper.application; includeInIndex = 0; path = ifanr.app; sourceTree = BUILT_PRODUCTS_DIR; };
		699874BE1D23C6CA0059A2BE /* AppDelegate.swift */ = {isa = PBXFileReference; lastKnownFileType = sourcecode.swift; path = AppDelegate.swift; sourceTree = "<group>"; };
		699874C51D23C6CA0059A2BE /* Assets.xcassets */ = {isa = PBXFileReference; lastKnownFileType = folder.assetcatalog; path = Assets.xcassets; sourceTree = "<group>"; };
		699874C81D23C6CA0059A2BE /* Base */ = {isa = PBXFileReference; lastKnownFileType = file.storyboard; name = Base; path = Base.lproj/LaunchScreen.storyboard; sourceTree = "<group>"; };
		699874CA1D23C6CA0059A2BE /* Info.plist */ = {isa = PBXFileReference; lastKnownFileType = text.plist.xml; path = Info.plist; sourceTree = "<group>"; };
		699874CF1D23C6CA0059A2BE /* ifanrTests.xctest */ = {isa = PBXFileReference; explicitFileType = wrapper.cfbundle; includeInIndex = 0; path = ifanrTests.xctest; sourceTree = BUILT_PRODUCTS_DIR; };
		699874D31D23C6CA0059A2BE /* ifanrTests.swift */ = {isa = PBXFileReference; lastKnownFileType = sourcecode.swift; path = ifanrTests.swift; sourceTree = "<group>"; };
		699874D51D23C6CA0059A2BE /* Info.plist */ = {isa = PBXFileReference; lastKnownFileType = text.plist.xml; path = Info.plist; sourceTree = "<group>"; };
		699874DA1D23C6CA0059A2BE /* ifanrUITests.xctest */ = {isa = PBXFileReference; explicitFileType = wrapper.cfbundle; includeInIndex = 0; path = ifanrUITests.xctest; sourceTree = BUILT_PRODUCTS_DIR; };
		699874DE1D23C6CA0059A2BE /* ifanrUITests.swift */ = {isa = PBXFileReference; lastKnownFileType = sourcecode.swift; path = ifanrUITests.swift; sourceTree = "<group>"; };
		699874E01D23C6CA0059A2BE /* Info.plist */ = {isa = PBXFileReference; lastKnownFileType = text.plist.xml; path = Info.plist; sourceTree = "<group>"; };
		AAF3231417F430423C78A28E /* Pods.release.xcconfig */ = {isa = PBXFileReference; includeInIndex = 1; lastKnownFileType = text.xcconfig; name = Pods.release.xcconfig; path = "Pods/Target Support Files/Pods/Pods.release.xcconfig"; sourceTree = "<group>"; };
		EB8AAD341F889C52B9B9BEA9 /* Pods.debug.xcconfig */ = {isa = PBXFileReference; includeInIndex = 1; lastKnownFileType = text.xcconfig; name = Pods.debug.xcconfig; path = "Pods/Target Support Files/Pods/Pods.debug.xcconfig"; sourceTree = "<group>"; };
		F119375B1D24018A00DF143B /* UIView+Frame.swift */ = {isa = PBXFileReference; fileEncoding = 4; lastKnownFileType = sourcecode.swift; path = "UIView+Frame.swift"; sourceTree = "<group>"; };
		F119376A1D24092500DF143B /* ifanr-Bridging-Header.h */ = {isa = PBXFileReference; lastKnownFileType = sourcecode.c.h; path = "ifanr-Bridging-Header.h"; sourceTree = "<group>"; };
		F119376C1D2409A700DF143B /* MainViewController.swift */ = {isa = PBXFileReference; fileEncoding = 4; lastKnownFileType = sourcecode.swift; path = MainViewController.swift; sourceTree = "<group>"; };
		F119376F1D240A1300DF143B /* DINPro-Medium.TTF */ = {isa = PBXFileReference; lastKnownFileType = file; path = "DINPro-Medium.TTF"; sourceTree = "<group>"; };
		F11937711D240A4E00DF143B /* ifanrVideo.mp4 */ = {isa = PBXFileReference; lastKnownFileType = file; path = ifanrVideo.mp4; sourceTree = "<group>"; };
		F11DA0761D282E7100E574CC /* HomePageControl.swift */ = {isa = PBXFileReference; fileEncoding = 4; lastKnownFileType = sourcecode.swift; path = HomePageControl.swift; sourceTree = "<group>"; };
		F1498D941D24FCBD005BB684 /* Constant.swift */ = {isa = PBXFileReference; fileEncoding = 4; lastKnownFileType = sourcecode.swift; path = Constant.swift; sourceTree = "<group>"; };
		F1498D9A1D25150E005BB684 /* Reusable.swift */ = {isa = PBXFileReference; fileEncoding = 4; lastKnownFileType = sourcecode.swift; path = Reusable.swift; sourceTree = "<group>"; };
		F15349D61D2C08B600A11BCB /* HomePopularLayout.swift */ = {isa = PBXFileReference; fileEncoding = 4; lastKnownFileType = sourcecode.swift; path = HomePopularLayout.swift; sourceTree = "<group>"; };
		F15349D81D2C156500A11BCB /* HomeLatestImageCell.swift */ = {isa = PBXFileReference; fileEncoding = 4; lastKnownFileType = sourcecode.swift; path = HomeLatestImageCell.swift; sourceTree = "<group>"; };
		F15349DA1D2C39EC00A11BCB /* FZLTXIHJW--GB1-0.TTF */ = {isa = PBXFileReference; lastKnownFileType = file; path = "FZLTXIHJW--GB1-0.TTF"; sourceTree = "<group>"; };
		F15349DB1D2C39EC00A11BCB /* FZLTZCHJW--GB1-0.TTF */ = {isa = PBXFileReference; lastKnownFileType = file; path = "FZLTZCHJW--GB1-0.TTF"; sourceTree = "<group>"; };
		F15349DE1D2D7CF600A11BCB /* NSMutableAttributedString+ifanr.swift */ = {isa = PBXFileReference; fileEncoding = 4; lastKnownFileType = sourcecode.swift; path = "NSMutableAttributedString+ifanr.swift"; sourceTree = "<group>"; };
		F15349E01D2D7EB900A11BCB /* String+ifanr.swift */ = {isa = PBXFileReference; fileEncoding = 4; lastKnownFileType = sourcecode.swift; path = "String+ifanr.swift"; sourceTree = "<group>"; };
		F15349E21D2DF52F00A11BCB /* HomeLatestTextCell.swift */ = {isa = PBXFileReference; fileEncoding = 4; lastKnownFileType = sourcecode.swift; path = HomeLatestTextCell.swift; sourceTree = "<group>"; };
		F170BE451D26388B00D84EBC /* APIConstant.swift */ = {isa = PBXFileReference; fileEncoding = 4; lastKnownFileType = sourcecode.swift; path = APIConstant.swift; sourceTree = "<group>"; };
		F170BE481D269F0000D84EBC /* MenuViewController.swift */ = {isa = PBXFileReference; fileEncoding = 4; lastKnownFileType = sourcecode.swift; path = MenuViewController.swift; sourceTree = "<group>"; };
		F170BE4B1D269F4400D84EBC /* MenuHeaaderView.swift */ = {isa = PBXFileReference; fileEncoding = 4; lastKnownFileType = sourcecode.swift; path = MenuHeaaderView.swift; sourceTree = "<group>"; };
		F170BE4D1D269F7D00D84EBC /* MenuTableViewCell.swift */ = {isa = PBXFileReference; fileEncoding = 4; lastKnownFileType = sourcecode.swift; path = MenuTableViewCell.swift; sourceTree = "<group>"; };
		F170BE511D26B7D100D84EBC /* HomeViewController.swift */ = {isa = PBXFileReference; fileEncoding = 4; lastKnownFileType = sourcecode.swift; path = HomeViewController.swift; sourceTree = "<group>"; };
		F170BE541D27E9B300D84EBC /* HomeHeaderView.swift */ = {isa = PBXFileReference; fileEncoding = 4; lastKnownFileType = sourcecode.swift; path = HomeHeaderView.swift; sourceTree = "<group>"; };
		F170BE561D27F12F00D84EBC /* HomeHeaderItem.swift */ = {isa = PBXFileReference; fileEncoding = 4; lastKnownFileType = sourcecode.swift; path = HomeHeaderItem.swift; sourceTree = "<group>"; };
		F17C51DB1D2A447F0077A4C5 /* IFanrService.swift */ = {isa = PBXFileReference; fileEncoding = 4; lastKnownFileType = sourcecode.swift; path = IFanrService.swift; sourceTree = "<group>"; };
		F17C51DD1D2AB1DE0077A4C5 /* UIFont+ifanr.swift */ = {isa = PBXFileReference; fileEncoding = 4; lastKnownFileType = sourcecode.swift; path = "UIFont+ifanr.swift"; sourceTree = "<group>"; };
		F17C51E01D2BCBAB0077A4C5 /* HomePopularModel.swift */ = {isa = PBXFileReference; fileEncoding = 4; lastKnownFileType = sourcecode.swift; path = HomePopularModel.swift; sourceTree = "<group>"; };
		F17C51E21D2BCBAB0077A4C5 /* MenuTabModel.swift */ = {isa = PBXFileReference; fileEncoding = 4; lastKnownFileType = sourcecode.swift; path = MenuTabModel.swift; sourceTree = "<group>"; };
		F17C51E41D2BCBAB0077A4C5 /* NewsFlashModel.swift */ = {isa = PBXFileReference; fileEncoding = 4; lastKnownFileType = sourcecode.swift; path = NewsFlashModel.swift; sourceTree = "<group>"; };
		F1A06AA81D28F91200563FA1 /* Request+ifanr.swift */ = {isa = PBXFileReference; fileEncoding = 4; lastKnownFileType = sourcecode.swift; path = "Request+ifanr.swift"; sourceTree = "<group>"; };
		F1A06AAC1D29228A00563FA1 /* UIImageView+ifanr.swift */ = {isa = PBXFileReference; fileEncoding = 4; lastKnownFileType = sourcecode.swift; path = "UIImageView+ifanr.swift"; sourceTree = "<group>"; };
/* End PBXFileReference section */

/* Begin PBXFrameworksBuildPhase section */
		699874B81D23C6CA0059A2BE /* Frameworks */ = {
			isa = PBXFrameworksBuildPhase;
			buildActionMask = 2147483647;
			files = (
				578C5CC4EB609089221BD17D /* Pods.framework in Frameworks */,
			);
			runOnlyForDeploymentPostprocessing = 0;
		};
		699874CC1D23C6CA0059A2BE /* Frameworks */ = {
			isa = PBXFrameworksBuildPhase;
			buildActionMask = 2147483647;
			files = (
			);
			runOnlyForDeploymentPostprocessing = 0;
		};
		699874D71D23C6CA0059A2BE /* Frameworks */ = {
			isa = PBXFrameworksBuildPhase;
			buildActionMask = 2147483647;
			files = (
			);
			runOnlyForDeploymentPostprocessing = 0;
		};
/* End PBXFrameworksBuildPhase section */

/* Begin PBXGroup section */
		296467C1A94FE1AC1901B2C2 /* Pods */ = {
			isa = PBXGroup;
			children = (
				EB8AAD341F889C52B9B9BEA9 /* Pods.debug.xcconfig */,
				AAF3231417F430423C78A28E /* Pods.release.xcconfig */,
			);
			name = Pods;
			sourceTree = "<group>";
		};
		2AAB2460CEE5BCB285E1634E /* Frameworks */ = {
			isa = PBXGroup;
			children = (
				19142DE52BA65CA63302D628 /* Pods.framework */,
			);
			name = Frameworks;
			sourceTree = "<group>";
		};
		43751CDE1D26CFBB0032BBE3 /* NewsFlashController */ = {
			isa = PBXGroup;
			children = (
				43751CDF1D26CFBB0032BBE3 /* NewsFlashController.swift */,
			);
			path = NewsFlashController;
			sourceTree = "<group>";
		};
		43F2E6DF1D274A7400224B6F /* Utils */ = {
			isa = PBXGroup;
			children = (
				43F2E6E01D274AE700224B6F /* IFNetWorkTool.swift */,
			);
			name = Utils;
			sourceTree = "<group>";
		};
		699874B21D23C6CA0059A2BE = {
			isa = PBXGroup;
			children = (
				699874BD1D23C6CA0059A2BE /* ifanr */,
				699874D21D23C6CA0059A2BE /* ifanrTests */,
				699874DD1D23C6CA0059A2BE /* ifanrUITests */,
				699874BC1D23C6CA0059A2BE /* Products */,
				296467C1A94FE1AC1901B2C2 /* Pods */,
				2AAB2460CEE5BCB285E1634E /* Frameworks */,
			);
			sourceTree = "<group>";
		};
		699874BC1D23C6CA0059A2BE /* Products */ = {
			isa = PBXGroup;
			children = (
				699874BB1D23C6CA0059A2BE /* ifanr.app */,
				699874CF1D23C6CA0059A2BE /* ifanrTests.xctest */,
				699874DA1D23C6CA0059A2BE /* ifanrUITests.xctest */,
			);
			name = Products;
			sourceTree = "<group>";
		};
		699874BD1D23C6CA0059A2BE /* ifanr */ = {
			isa = PBXGroup;
			children = (
				F1A06AA51D28F80500563FA1 /* Services */,
				F11937541D24013A00DF143B /* Constants */,
				F11937551D24013A00DF143B /* Controllers */,
				F11937561D24013A00DF143B /* Extension */,
				F11937571D24013A00DF143B /* Models */,
				F11937581D24013A00DF143B /* Other */,
				F119375A1D24013A00DF143B /* Views */,
				F11937701D240A3200DF143B /* Resources */,
				699874BE1D23C6CA0059A2BE /* AppDelegate.swift */,
				699874C51D23C6CA0059A2BE /* Assets.xcassets */,
				699874C71D23C6CA0059A2BE /* LaunchScreen.storyboard */,
				699874CA1D23C6CA0059A2BE /* Info.plist */,
				F119376A1D24092500DF143B /* ifanr-Bridging-Header.h */,
			);
			path = ifanr;
			sourceTree = "<group>";
		};
		699874D21D23C6CA0059A2BE /* ifanrTests */ = {
			isa = PBXGroup;
			children = (
				699874D31D23C6CA0059A2BE /* ifanrTests.swift */,
				699874D51D23C6CA0059A2BE /* Info.plist */,
			);
			path = ifanrTests;
			sourceTree = "<group>";
		};
		699874DD1D23C6CA0059A2BE /* ifanrUITests */ = {
			isa = PBXGroup;
			children = (
				699874DE1D23C6CA0059A2BE /* ifanrUITests.swift */,
				699874E01D23C6CA0059A2BE /* Info.plist */,
			);
			path = ifanrUITests;
			sourceTree = "<group>";
		};
		F11937541D24013A00DF143B /* Constants */ = {
			isa = PBXGroup;
			children = (
				F1498D941D24FCBD005BB684 /* Constant.swift */,
				F170BE451D26388B00D84EBC /* APIConstant.swift */,
			);
			path = Constants;
			sourceTree = "<group>";
		};
		F11937551D24013A00DF143B /* Controllers */ = {
			isa = PBXGroup;
			children = (
				F170BE501D26B7C500D84EBC /* HomeViewController */,
				43751CDE1D26CFBB0032BBE3 /* NewsFlashController */,
				F170BE471D269EEC00D84EBC /* MenuController */,
				F119376B1D24098F00DF143B /* MainViewController */,
			);
			path = Controllers;
			sourceTree = "<group>";
		};
		F11937561D24013A00DF143B /* Extension */ = {
			isa = PBXGroup;
			children = (
				F119375B1D24018A00DF143B /* UIView+Frame.swift */,
				F1498D9A1D25150E005BB684 /* Reusable.swift */,
				4353790F1D28BD37004A2766 /* NSDate+IF.swift */,
				F1A06AA81D28F91200563FA1 /* Request+ifanr.swift */,
				F1A06AAC1D29228A00563FA1 /* UIImageView+ifanr.swift */,
				F17C51DD1D2AB1DE0077A4C5 /* UIFont+ifanr.swift */,
				F15349DE1D2D7CF600A11BCB /* NSMutableAttributedString+ifanr.swift */,
				F15349E01D2D7EB900A11BCB /* String+ifanr.swift */,
			);
			path = Extension;
			sourceTree = "<group>";
		};
		F11937571D24013A00DF143B /* Models */ = {
			isa = PBXGroup;
			children = (
				F17C51DF1D2BCBAB0077A4C5 /* HomeViewModel */,
				F17C51E11D2BCBAB0077A4C5 /* MenuModel */,
				F17C51E31D2BCBAB0077A4C5 /* NewsFlashModel */,
			);
			path = Models;
			sourceTree = "<group>";
		};
		F11937581D24013A00DF143B /* Other */ = {
			isa = PBXGroup;
			children = (
				F119376E1D2409FD00DF143B /* Font */,
				F11937591D24013A00DF143B /* Lib */,
				43F2E6DF1D274A7400224B6F /* Utils */,
			);
			path = Other;
			sourceTree = "<group>";
		};
		F11937591D24013A00DF143B /* Lib */ = {
			isa = PBXGroup;
			children = (
			);
			path = Lib;
			sourceTree = "<group>";
		};
		F119375A1D24013A00DF143B /* Views */ = {
			isa = PBXGroup;
			children = (
				F170BE531D27E94B00D84EBC /* HomeView */,
				F170BE4A1D269F3200D84EBC /* MenuView */,
				F1498D911D24FA88005BB684 /* MainView */,
			);
			path = Views;
			sourceTree = "<group>";
		};
		F119376B1D24098F00DF143B /* MainViewController */ = {
			isa = PBXGroup;
			children = (
				F119376C1D2409A700DF143B /* MainViewController.swift */,
			);
			path = MainViewController;
			sourceTree = "<group>";
		};
		F119376E1D2409FD00DF143B /* Font */ = {
			isa = PBXGroup;
			children = (
				F15349DA1D2C39EC00A11BCB /* FZLTXIHJW--GB1-0.TTF */,
				F15349DB1D2C39EC00A11BCB /* FZLTZCHJW--GB1-0.TTF */,
				F119376F1D240A1300DF143B /* DINPro-Medium.TTF */,
			);
			path = Font;
			sourceTree = "<group>";
		};
		F11937701D240A3200DF143B /* Resources */ = {
			isa = PBXGroup;
			children = (
				43751CE71D26D0820032BBE3 /* 爱范儿API.rtf */,
				F11937711D240A4E00DF143B /* ifanrVideo.mp4 */,
			);
			path = Resources;
			sourceTree = "<group>";
		};
		F1498D911D24FA88005BB684 /* MainView */ = {
			isa = PBXGroup;
			children = (
				43751CE51D26D0630032BBE3 /* NewsFlashTableViewCell.swift */,
			);
			path = MainView;
			sourceTree = "<group>";
		};
		F170BE471D269EEC00D84EBC /* MenuController */ = {
			isa = PBXGroup;
			children = (
				F170BE481D269F0000D84EBC /* MenuViewController.swift */,
			);
			path = MenuController;
			sourceTree = "<group>";
		};
		F170BE4A1D269F3200D84EBC /* MenuView */ = {
			isa = PBXGroup;
			children = (
				F170BE4B1D269F4400D84EBC /* MenuHeaaderView.swift */,
				F170BE4D1D269F7D00D84EBC /* MenuTableViewCell.swift */,
			);
			path = MenuView;
			sourceTree = "<group>";
		};
		F170BE501D26B7C500D84EBC /* HomeViewController */ = {
			isa = PBXGroup;
			children = (
				F170BE511D26B7D100D84EBC /* HomeViewController.swift */,
			);
			path = HomeViewController;
			sourceTree = "<group>";
		};
		F170BE531D27E94B00D84EBC /* HomeView */ = {
			isa = PBXGroup;
			children = (
				F170BE541D27E9B300D84EBC /* HomeHeaderView.swift */,
				F170BE561D27F12F00D84EBC /* HomeHeaderItem.swift */,
				F11DA0761D282E7100E574CC /* HomePageControl.swift */,
				F15349D81D2C156500A11BCB /* HomeLatestImageCell.swift */,
				F15349E21D2DF52F00A11BCB /* HomeLatestTextCell.swift */,
			);
			path = HomeView;
			sourceTree = "<group>";
		};
		F17C51DF1D2BCBAB0077A4C5 /* HomeViewModel */ = {
			isa = PBXGroup;
			children = (
				F17C51E01D2BCBAB0077A4C5 /* HomePopularModel.swift */,
				F15349D61D2C08B600A11BCB /* HomePopularLayout.swift */,
			);
			path = HomeViewModel;
			sourceTree = "<group>";
		};
		F17C51E11D2BCBAB0077A4C5 /* MenuModel */ = {
			isa = PBXGroup;
			children = (
				F17C51E21D2BCBAB0077A4C5 /* MenuTabModel.swift */,
			);
			path = MenuModel;
			sourceTree = "<group>";
		};
		F17C51E31D2BCBAB0077A4C5 /* NewsFlashModel */ = {
			isa = PBXGroup;
			children = (
				F17C51E41D2BCBAB0077A4C5 /* NewsFlashModel.swift */,
			);
			path = NewsFlashModel;
			sourceTree = "<group>";
		};
		F1A06AA51D28F80500563FA1 /* Services */ = {
			isa = PBXGroup;
			children = (
				F17C51DB1D2A447F0077A4C5 /* IFanrService.swift */,
			);
			path = Services;
			sourceTree = "<group>";
		};
/* End PBXGroup section */

/* Begin PBXNativeTarget section */
		699874BA1D23C6CA0059A2BE /* ifanr */ = {
			isa = PBXNativeTarget;
			buildConfigurationList = 699874E31D23C6CA0059A2BE /* Build configuration list for PBXNativeTarget "ifanr" */;
			buildPhases = (
				54BD70A11A63C8EF7781EC5E /* Check Pods Manifest.lock */,
				699874B71D23C6CA0059A2BE /* Sources */,
				699874B81D23C6CA0059A2BE /* Frameworks */,
				699874B91D23C6CA0059A2BE /* Resources */,
				C2AFCDFE49A072DE5E88A1ED /* Embed Pods Frameworks */,
				F9F4622E4278BEC775915861 /* Copy Pods Resources */,
			);
			buildRules = (
			);
			dependencies = (
			);
			name = ifanr;
			productName = ifanr;
			productReference = 699874BB1D23C6CA0059A2BE /* ifanr.app */;
			productType = "com.apple.product-type.application";
		};
		699874CE1D23C6CA0059A2BE /* ifanrTests */ = {
			isa = PBXNativeTarget;
			buildConfigurationList = 699874E61D23C6CA0059A2BE /* Build configuration list for PBXNativeTarget "ifanrTests" */;
			buildPhases = (
				699874CB1D23C6CA0059A2BE /* Sources */,
				699874CC1D23C6CA0059A2BE /* Frameworks */,
				699874CD1D23C6CA0059A2BE /* Resources */,
			);
			buildRules = (
			);
			dependencies = (
				699874D11D23C6CA0059A2BE /* PBXTargetDependency */,
			);
			name = ifanrTests;
			productName = ifanrTests;
			productReference = 699874CF1D23C6CA0059A2BE /* ifanrTests.xctest */;
			productType = "com.apple.product-type.bundle.unit-test";
		};
		699874D91D23C6CA0059A2BE /* ifanrUITests */ = {
			isa = PBXNativeTarget;
			buildConfigurationList = 699874E91D23C6CA0059A2BE /* Build configuration list for PBXNativeTarget "ifanrUITests" */;
			buildPhases = (
				699874D61D23C6CA0059A2BE /* Sources */,
				699874D71D23C6CA0059A2BE /* Frameworks */,
				699874D81D23C6CA0059A2BE /* Resources */,
			);
			buildRules = (
			);
			dependencies = (
				699874DC1D23C6CA0059A2BE /* PBXTargetDependency */,
			);
			name = ifanrUITests;
			productName = ifanrUITests;
			productReference = 699874DA1D23C6CA0059A2BE /* ifanrUITests.xctest */;
			productType = "com.apple.product-type.bundle.ui-testing";
		};
/* End PBXNativeTarget section */

/* Begin PBXProject section */
		699874B31D23C6CA0059A2BE /* Project object */ = {
			isa = PBXProject;
			attributes = {
				LastSwiftUpdateCheck = 0720;
				LastUpgradeCheck = 0720;
				ORGANIZATIONNAME = ifanrOrg;
				TargetAttributes = {
					699874BA1D23C6CA0059A2BE = {
						CreatedOnToolsVersion = 7.2.1;
						DevelopmentTeam = 5N8LXT5RPD;
					};
					699874CE1D23C6CA0059A2BE = {
						CreatedOnToolsVersion = 7.2.1;
						DevelopmentTeam = 3G3JV73KM2;
						TestTargetID = 699874BA1D23C6CA0059A2BE;
					};
					699874D91D23C6CA0059A2BE = {
						CreatedOnToolsVersion = 7.2.1;
						DevelopmentTeam = 3G3JV73KM2;
						TestTargetID = 699874BA1D23C6CA0059A2BE;
					};
				};
			};
			buildConfigurationList = 699874B61D23C6CA0059A2BE /* Build configuration list for PBXProject "ifanr" */;
			compatibilityVersion = "Xcode 3.2";
			developmentRegion = English;
			hasScannedForEncodings = 0;
			knownRegions = (
				en,
				Base,
			);
			mainGroup = 699874B21D23C6CA0059A2BE;
			productRefGroup = 699874BC1D23C6CA0059A2BE /* Products */;
			projectDirPath = "";
			projectRoot = "";
			targets = (
				699874BA1D23C6CA0059A2BE /* ifanr */,
				699874CE1D23C6CA0059A2BE /* ifanrTests */,
				699874D91D23C6CA0059A2BE /* ifanrUITests */,
			);
		};
/* End PBXProject section */

/* Begin PBXResourcesBuildPhase section */
		699874B91D23C6CA0059A2BE /* Resources */ = {
			isa = PBXResourcesBuildPhase;
			buildActionMask = 2147483647;
			files = (
				F11937721D240A4E00DF143B /* ifanrVideo.mp4 in Resources */,
				43751CE81D26D0820032BBE3 /* 爱范儿API.rtf in Resources */,
				699874C91D23C6CA0059A2BE /* LaunchScreen.storyboard in Resources */,
				699874C61D23C6CA0059A2BE /* Assets.xcassets in Resources */,
				F15349DC1D2C39EC00A11BCB /* FZLTXIHJW--GB1-0.TTF in Resources */,
				F15349DD1D2C39EC00A11BCB /* FZLTZCHJW--GB1-0.TTF in Resources */,
			);
			runOnlyForDeploymentPostprocessing = 0;
		};
		699874CD1D23C6CA0059A2BE /* Resources */ = {
			isa = PBXResourcesBuildPhase;
			buildActionMask = 2147483647;
			files = (
			);
			runOnlyForDeploymentPostprocessing = 0;
		};
		699874D81D23C6CA0059A2BE /* Resources */ = {
			isa = PBXResourcesBuildPhase;
			buildActionMask = 2147483647;
			files = (
			);
			runOnlyForDeploymentPostprocessing = 0;
		};
/* End PBXResourcesBuildPhase section */

/* Begin PBXShellScriptBuildPhase section */
		54BD70A11A63C8EF7781EC5E /* Check Pods Manifest.lock */ = {
			isa = PBXShellScriptBuildPhase;
			buildActionMask = 2147483647;
			files = (
			);
			inputPaths = (
			);
			name = "Check Pods Manifest.lock";
			outputPaths = (
			);
			runOnlyForDeploymentPostprocessing = 0;
			shellPath = /bin/sh;
			shellScript = "diff \"${PODS_ROOT}/../Podfile.lock\" \"${PODS_ROOT}/Manifest.lock\" > /dev/null\nif [[ $? != 0 ]] ; then\n    cat << EOM\nerror: The sandbox is not in sync with the Podfile.lock. Run 'pod install' or update your CocoaPods installation.\nEOM\n    exit 1\nfi\n";
			showEnvVarsInLog = 0;
		};
		C2AFCDFE49A072DE5E88A1ED /* Embed Pods Frameworks */ = {
			isa = PBXShellScriptBuildPhase;
			buildActionMask = 2147483647;
			files = (
			);
			inputPaths = (
			);
			name = "Embed Pods Frameworks";
			outputPaths = (
			);
			runOnlyForDeploymentPostprocessing = 0;
			shellPath = /bin/sh;
			shellScript = "\"${SRCROOT}/Pods/Target Support Files/Pods/Pods-frameworks.sh\"\n";
			showEnvVarsInLog = 0;
		};
		F9F4622E4278BEC775915861 /* Copy Pods Resources */ = {
			isa = PBXShellScriptBuildPhase;
			buildActionMask = 2147483647;
			files = (
			);
			inputPaths = (
			);
			name = "Copy Pods Resources";
			outputPaths = (
			);
			runOnlyForDeploymentPostprocessing = 0;
			shellPath = /bin/sh;
			shellScript = "\"${SRCROOT}/Pods/Target Support Files/Pods/Pods-resources.sh\"\n";
			showEnvVarsInLog = 0;
		};
/* End PBXShellScriptBuildPhase section */

/* Begin PBXSourcesBuildPhase section */
		699874B71D23C6CA0059A2BE /* Sources */ = {
			isa = PBXSourcesBuildPhase;
			buildActionMask = 2147483647;
			files = (
				F170BE551D27E9B300D84EBC /* HomeHeaderView.swift in Sources */,
				F1A06AA91D28F91200563FA1 /* Request+ifanr.swift in Sources */,
				F170BE571D27F12F00D84EBC /* HomeHeaderItem.swift in Sources */,
				F170BE491D269F0000D84EBC /* MenuViewController.swift in Sources */,
				699874BF1D23C6CA0059A2BE /* AppDelegate.swift in Sources */,
				F17C51E61D2BCBAB0077A4C5 /* MenuTabModel.swift in Sources */,
				F17C51DE1D2AB1DE0077A4C5 /* UIFont+ifanr.swift in Sources */,
				43751CE61D26D0630032BBE3 /* NewsFlashTableViewCell.swift in Sources */,
				F170BE461D26388B00D84EBC /* APIConstant.swift in Sources */,
				435379101D28BD37004A2766 /* NSDate+IF.swift in Sources */,
				F15349DF1D2D7CF600A11BCB /* NSMutableAttributedString+ifanr.swift in Sources */,
				F1498D951D24FCBD005BB684 /* Constant.swift in Sources */,
				F17C51E71D2BCBAB0077A4C5 /* NewsFlashModel.swift in Sources */,
				43751CE01D26CFBB0032BBE3 /* NewsFlashController.swift in Sources */,
				F15349D91D2C156500A11BCB /* HomeLatestImageCell.swift in Sources */,
				F15349E11D2D7EB900A11BCB /* String+ifanr.swift in Sources */,
				F15349D71D2C08B600A11BCB /* HomePopularLayout.swift in Sources */,
				F170BE4C1D269F4400D84EBC /* MenuHeaaderView.swift in Sources */,
				F17C51E51D2BCBAB0077A4C5 /* HomePopularModel.swift in Sources */,
				F15349E31D2DF52F00A11BCB /* HomeLatestTextCell.swift in Sources */,
				F1498D9B1D25150E005BB684 /* Reusable.swift in Sources */,
				F119375C1D24018A00DF143B /* UIView+Frame.swift in Sources */,
				F1A06AAD1D29228A00563FA1 /* UIImageView+ifanr.swift in Sources */,
				F170BE521D26B7D100D84EBC /* HomeViewController.swift in Sources */,
				F119376D1D2409A700DF143B /* MainViewController.swift in Sources */,
				F170BE4E1D269F7D00D84EBC /* MenuTableViewCell.swift in Sources */,
				F17C51DC1D2A447F0077A4C5 /* IFanrService.swift in Sources */,
				F11DA0771D282E7100E574CC /* HomePageControl.swift in Sources */,
				43F2E6E11D274AE700224B6F /* IFNetWorkTool.swift in Sources */,
			);
			runOnlyForDeploymentPostprocessing = 0;
		};
		699874CB1D23C6CA0059A2BE /* Sources */ = {
			isa = PBXSourcesBuildPhase;
			buildActionMask = 2147483647;
			files = (
				699874D41D23C6CA0059A2BE /* ifanrTests.swift in Sources */,
			);
			runOnlyForDeploymentPostprocessing = 0;
		};
		699874D61D23C6CA0059A2BE /* Sources */ = {
			isa = PBXSourcesBuildPhase;
			buildActionMask = 2147483647;
			files = (
				699874DF1D23C6CA0059A2BE /* ifanrUITests.swift in Sources */,
			);
			runOnlyForDeploymentPostprocessing = 0;
		};
/* End PBXSourcesBuildPhase section */

/* Begin PBXTargetDependency section */
		699874D11D23C6CA0059A2BE /* PBXTargetDependency */ = {
			isa = PBXTargetDependency;
			target = 699874BA1D23C6CA0059A2BE /* ifanr */;
			targetProxy = 699874D01D23C6CA0059A2BE /* PBXContainerItemProxy */;
		};
		699874DC1D23C6CA0059A2BE /* PBXTargetDependency */ = {
			isa = PBXTargetDependency;
			target = 699874BA1D23C6CA0059A2BE /* ifanr */;
			targetProxy = 699874DB1D23C6CA0059A2BE /* PBXContainerItemProxy */;
		};
/* End PBXTargetDependency section */

/* Begin PBXVariantGroup section */
		699874C71D23C6CA0059A2BE /* LaunchScreen.storyboard */ = {
			isa = PBXVariantGroup;
			children = (
				699874C81D23C6CA0059A2BE /* Base */,
			);
			name = LaunchScreen.storyboard;
			sourceTree = "<group>";
		};
/* End PBXVariantGroup section */

/* Begin XCBuildConfiguration section */
		699874E11D23C6CA0059A2BE /* Debug */ = {
			isa = XCBuildConfiguration;
			buildSettings = {
				ALWAYS_SEARCH_USER_PATHS = NO;
				CLANG_CXX_LANGUAGE_STANDARD = "gnu++0x";
				CLANG_CXX_LIBRARY = "libc++";
				CLANG_ENABLE_MODULES = YES;
				CLANG_ENABLE_OBJC_ARC = YES;
				CLANG_WARN_BOOL_CONVERSION = YES;
				CLANG_WARN_CONSTANT_CONVERSION = YES;
				CLANG_WARN_DIRECT_OBJC_ISA_USAGE = YES_ERROR;
				CLANG_WARN_EMPTY_BODY = YES;
				CLANG_WARN_ENUM_CONVERSION = YES;
				CLANG_WARN_INT_CONVERSION = YES;
				CLANG_WARN_OBJC_ROOT_CLASS = YES_ERROR;
				CLANG_WARN_UNREACHABLE_CODE = YES;
				CLANG_WARN__DUPLICATE_METHOD_MATCH = YES;
				"CODE_SIGN_IDENTITY[sdk=iphoneos*]" = "iPhone Developer";
				COPY_PHASE_STRIP = NO;
				DEBUG_INFORMATION_FORMAT = dwarf;
				ENABLE_STRICT_OBJC_MSGSEND = YES;
				ENABLE_TESTABILITY = YES;
				GCC_C_LANGUAGE_STANDARD = gnu99;
				GCC_DYNAMIC_NO_PIC = NO;
				GCC_NO_COMMON_BLOCKS = YES;
				GCC_OPTIMIZATION_LEVEL = 0;
				GCC_PREPROCESSOR_DEFINITIONS = (
					"DEBUG=1",
					"$(inherited)",
				);
				GCC_WARN_64_TO_32_BIT_CONVERSION = YES;
				GCC_WARN_ABOUT_RETURN_TYPE = YES_ERROR;
				GCC_WARN_UNDECLARED_SELECTOR = YES;
				GCC_WARN_UNINITIALIZED_AUTOS = YES_AGGRESSIVE;
				GCC_WARN_UNUSED_FUNCTION = YES;
				GCC_WARN_UNUSED_VARIABLE = YES;
				IPHONEOS_DEPLOYMENT_TARGET = 9.2;
				MTL_ENABLE_DEBUG_INFO = YES;
				ONLY_ACTIVE_ARCH = YES;
				SDKROOT = iphoneos;
				SWIFT_OPTIMIZATION_LEVEL = "-Onone";
			};
			name = Debug;
		};
		699874E21D23C6CA0059A2BE /* Release */ = {
			isa = XCBuildConfiguration;
			buildSettings = {
				ALWAYS_SEARCH_USER_PATHS = NO;
				CLANG_CXX_LANGUAGE_STANDARD = "gnu++0x";
				CLANG_CXX_LIBRARY = "libc++";
				CLANG_ENABLE_MODULES = YES;
				CLANG_ENABLE_OBJC_ARC = YES;
				CLANG_WARN_BOOL_CONVERSION = YES;
				CLANG_WARN_CONSTANT_CONVERSION = YES;
				CLANG_WARN_DIRECT_OBJC_ISA_USAGE = YES_ERROR;
				CLANG_WARN_EMPTY_BODY = YES;
				CLANG_WARN_ENUM_CONVERSION = YES;
				CLANG_WARN_INT_CONVERSION = YES;
				CLANG_WARN_OBJC_ROOT_CLASS = YES_ERROR;
				CLANG_WARN_UNREACHABLE_CODE = YES;
				CLANG_WARN__DUPLICATE_METHOD_MATCH = YES;
				"CODE_SIGN_IDENTITY[sdk=iphoneos*]" = "iPhone Developer";
				COPY_PHASE_STRIP = NO;
				DEBUG_INFORMATION_FORMAT = "dwarf-with-dsym";
				ENABLE_NS_ASSERTIONS = NO;
				ENABLE_STRICT_OBJC_MSGSEND = YES;
				GCC_C_LANGUAGE_STANDARD = gnu99;
				GCC_NO_COMMON_BLOCKS = YES;
				GCC_WARN_64_TO_32_BIT_CONVERSION = YES;
				GCC_WARN_ABOUT_RETURN_TYPE = YES_ERROR;
				GCC_WARN_UNDECLARED_SELECTOR = YES;
				GCC_WARN_UNINITIALIZED_AUTOS = YES_AGGRESSIVE;
				GCC_WARN_UNUSED_FUNCTION = YES;
				GCC_WARN_UNUSED_VARIABLE = YES;
				IPHONEOS_DEPLOYMENT_TARGET = 9.2;
				MTL_ENABLE_DEBUG_INFO = NO;
				SDKROOT = iphoneos;
				VALIDATE_PRODUCT = YES;
			};
			name = Release;
		};
		699874E41D23C6CA0059A2BE /* Debug */ = {
			isa = XCBuildConfiguration;
			baseConfigurationReference = EB8AAD341F889C52B9B9BEA9 /* Pods.debug.xcconfig */;
			buildSettings = {
				ASSETCATALOG_COMPILER_APPICON_NAME = AppIcon;
				CODE_SIGN_IDENTITY = "iPhone Developer";
				"CODE_SIGN_IDENTITY[sdk=iphoneos*]" = "iPhone Developer";
				INFOPLIST_FILE = ifanr/Info.plist;
				IPHONEOS_DEPLOYMENT_TARGET = 8.0;
				LD_RUNPATH_SEARCH_PATHS = "$(inherited) @executable_path/Frameworks";
				PRODUCT_BUNDLE_IDENTIFIER = com.iCodeForever.ifanr;
				PRODUCT_NAME = "$(TARGET_NAME)";
				PROVISIONING_PROFILE = "";
				SWIFT_OBJC_BRIDGING_HEADER = "ifanr/ifanr-Bridging-Header.h";
			};
			name = Debug;
		};
		699874E51D23C6CA0059A2BE /* Release */ = {
			isa = XCBuildConfiguration;
			baseConfigurationReference = AAF3231417F430423C78A28E /* Pods.release.xcconfig */;
			buildSettings = {
				ASSETCATALOG_COMPILER_APPICON_NAME = AppIcon;
				CODE_SIGN_IDENTITY = "iPhone Developer";
				"CODE_SIGN_IDENTITY[sdk=iphoneos*]" = "iPhone Developer";
				INFOPLIST_FILE = ifanr/Info.plist;
				IPHONEOS_DEPLOYMENT_TARGET = 8.0;
				LD_RUNPATH_SEARCH_PATHS = "$(inherited) @executable_path/Frameworks";
				PRODUCT_BUNDLE_IDENTIFIER = com.iCodeForever.ifanr;
				PRODUCT_NAME = "$(TARGET_NAME)";
				PROVISIONING_PROFILE = "";
				SWIFT_OBJC_BRIDGING_HEADER = "ifanr/ifanr-Bridging-Header.h";
			};
			name = Release;
		};
		699874E71D23C6CA0059A2BE /* Debug */ = {
			isa = XCBuildConfiguration;
			buildSettings = {
				BUNDLE_LOADER = "$(TEST_HOST)";
				INFOPLIST_FILE = ifanrTests/Info.plist;
				LD_RUNPATH_SEARCH_PATHS = "$(inherited) @executable_path/Frameworks @loader_path/Frameworks";
				PRODUCT_BUNDLE_IDENTIFIER = ifanr.ifanrTests;
				PRODUCT_NAME = "$(TARGET_NAME)";
				TEST_HOST = "$(BUILT_PRODUCTS_DIR)/ifanr.app/ifanr";
			};
			name = Debug;
		};
		699874E81D23C6CA0059A2BE /* Release */ = {
			isa = XCBuildConfiguration;
			buildSettings = {
				BUNDLE_LOADER = "$(TEST_HOST)";
				INFOPLIST_FILE = ifanrTests/Info.plist;
				LD_RUNPATH_SEARCH_PATHS = "$(inherited) @executable_path/Frameworks @loader_path/Frameworks";
				PRODUCT_BUNDLE_IDENTIFIER = ifanr.ifanrTests;
				PRODUCT_NAME = "$(TARGET_NAME)";
				TEST_HOST = "$(BUILT_PRODUCTS_DIR)/ifanr.app/ifanr";
			};
			name = Release;
		};
		699874EA1D23C6CA0059A2BE /* Debug */ = {
			isa = XCBuildConfiguration;
			buildSettings = {
				INFOPLIST_FILE = ifanrUITests/Info.plist;
				LD_RUNPATH_SEARCH_PATHS = "$(inherited) @executable_path/Frameworks @loader_path/Frameworks";
				PRODUCT_BUNDLE_IDENTIFIER = ifanr.ifanrUITests;
				PRODUCT_NAME = "$(TARGET_NAME)";
				TEST_TARGET_NAME = ifanr;
				USES_XCTRUNNER = YES;
			};
			name = Debug;
		};
		699874EB1D23C6CA0059A2BE /* Release */ = {
			isa = XCBuildConfiguration;
			buildSettings = {
				INFOPLIST_FILE = ifanrUITests/Info.plist;
				LD_RUNPATH_SEARCH_PATHS = "$(inherited) @executable_path/Frameworks @loader_path/Frameworks";
				PRODUCT_BUNDLE_IDENTIFIER = ifanr.ifanrUITests;
				PRODUCT_NAME = "$(TARGET_NAME)";
				TEST_TARGET_NAME = ifanr;
				USES_XCTRUNNER = YES;
			};
			name = Release;
		};
/* End XCBuildConfiguration section */

/* Begin XCConfigurationList section */
		699874B61D23C6CA0059A2BE /* Build configuration list for PBXProject "ifanr" */ = {
			isa = XCConfigurationList;
			buildConfigurations = (
				699874E11D23C6CA0059A2BE /* Debug */,
				699874E21D23C6CA0059A2BE /* Release */,
			);
			defaultConfigurationIsVisible = 0;
			defaultConfigurationName = Release;
		};
		699874E31D23C6CA0059A2BE /* Build configuration list for PBXNativeTarget "ifanr" */ = {
			isa = XCConfigurationList;
			buildConfigurations = (
				699874E41D23C6CA0059A2BE /* Debug */,
				699874E51D23C6CA0059A2BE /* Release */,
			);
			defaultConfigurationIsVisible = 0;
			defaultConfigurationName = Release;
		};
		699874E61D23C6CA0059A2BE /* Build configuration list for PBXNativeTarget "ifanrTests" */ = {
			isa = XCConfigurationList;
			buildConfigurations = (
				699874E71D23C6CA0059A2BE /* Debug */,
				699874E81D23C6CA0059A2BE /* Release */,
			);
			defaultConfigurationIsVisible = 0;
			defaultConfigurationName = Release;
		};
		699874E91D23C6CA0059A2BE /* Build configuration list for PBXNativeTarget "ifanrUITests" */ = {
			isa = XCConfigurationList;
			buildConfigurations = (
				699874EA1D23C6CA0059A2BE /* Debug */,
				699874EB1D23C6CA0059A2BE /* Release */,
			);
			defaultConfigurationIsVisible = 0;
			defaultConfigurationName = Release;
		};
/* End XCConfigurationList section */
	};
	rootObject = 699874B31D23C6CA0059A2BE /* Project object */;
}
